%{"backoff": {:hex, :backoff, "1.1.1"},
  "base64url": {:hex, :base64url, "0.0.1"},
  "bunt": {:hex, :bunt, "0.1.5"},
  "calendar": {:hex, :calendar, "0.9.0"},
  "calliope": {:git, "https://github.com/nurugger07/calliope.git", "28f7a4f6914f5a2cdab7dc94bbfd055dc8a5aae8", []},
  "comeonin": {:hex, :comeonin, "2.1.1"},
  "connection": {:hex, :connection, "1.0.2"},
  "cowboy": {:hex, :cowboy, "1.0.4"},
  "cowlib": {:hex, :cowlib, "1.0.2"},
  "credo": {:hex, :credo, "0.3.13"},
  "db_connection": {:hex, :db_connection, "0.2.5"},
  "decimal": {:hex, :decimal, "1.1.2"},
  "dogma": {:hex, :dogma, "0.1.0"},
  "earmark": {:hex, :earmark, "0.2.1"},
  "ecto": {:hex, :ecto, "2.0.0-rc.3"},
  "ex_doc": {:hex, :ex_doc, "0.8.4"},
  "fs": {:hex, :fs, "0.9.2"},
  "gettext": {:hex, :gettext, "0.11.0"},
  "guardian": {:hex, :guardian, "0.10.1"},
  "joken": {:hex, :joken, "0.15.0"},
  "jose": {:hex, :jose, "1.7.3"},
  "logger_file_backend": {:hex, :logger_file_backend, "0.0.7"},
  "phoenix": {:hex, :phoenix, "1.2.0-rc.0"},
  "phoenix_ecto": {:hex, :phoenix_ecto, "3.0.0-rc.0"},
  "phoenix_haml": {:git, "https://github.com/KazuCocoa/phoenix_haml.git", "b86f74ce8a4db22b08185b96961e7d70ffd37028", [branch: "update_deps"]},
  "phoenix_html": {:hex, :phoenix_html, "2.5.1"},
  "phoenix_live_reload": {:hex, :phoenix_live_reload, "1.0.4"},
  "phoenix_pubsub": {:hex, :phoenix_pubsub, "1.0.0-rc.0"},
  "plug": {:hex, :plug, "1.1.4"},
  "poison": {:hex, :poison, "1.5.2"},
  "poolboy": {:hex, :poolboy, "1.5.1"},
  "postgrex": {:hex, :postgrex, "0.11.1"},
  "ranch": {:hex, :ranch, "1.2.1"},
  "revision_plate_ex": {:hex, :revision_plate_ex, "0.1.0"},
  "tzdata": {:hex, :tzdata, "0.1.7"},
  "uuid": {:hex, :uuid, "1.1.3"}}
